<?xml version="1.0" encoding="utf-8"?>
<Project ToolsVersion="4.0" xmlns="http://schemas.microsoft.com/developer/msbuild/2003">
  <ItemGroup>
    <ClCompile Include="Game.cpp" />
    <ClCompile Include="InputHandler.cpp" />
    <ClCompile Include="Listener.cpp" />
    <ClCompile Include="main.cpp" />
    <ClCompile Include="PhysicsEngine.cpp">
      <Filter>Physics</Filter>
    </ClCompile>
    <ClCompile Include="DynamicObject.cpp">
      <Filter>Physics</Filter>
    </ClCompile>
    <ClCompile Include="PxGameObject.cpp">
      <Filter>Physics</Filter>
    </ClCompile>
    <ClCompile Include="StaticObject.cpp">
      <Filter>Physics</Filter>
    </ClCompile>
    <ClCompile Include="GameObject.cpp" />
    <ClCompile Include="Camera.cpp">
      <Filter>DerivedObjects</Filter>
    </ClCompile>
    <ClCompile Include="Floor.cpp">
      <Filter>DerivedObjects</Filter>
    </ClCompile>
    <ClCompile Include="TestCube.cpp">
      <Filter>DerivedObjects</Filter>
    </ClCompile>
    <ClCompile Include="Renderer.cpp" />
    <ClCompile Include="Joint.cpp">
      <Filter>Joints</Filter>
    </ClCompile>
    <ClCompile Include="FixedJoint.cpp">
      <Filter>Joints</Filter>
    </ClCompile>
    <ClCompile Include="DistanceJoint.cpp">
      <Filter>Joints</Filter>
    </ClCompile>
    <ClCompile Include="RevoluteJoint.cpp">
      <Filter>Joints</Filter>
    </ClCompile>
    <ClCompile Include="Cloth.cpp">
      <Filter>DerivedObjects</Filter>
    </ClCompile>
    <ClCompile Include="PrismaticJoint.cpp">
      <Filter>Joints</Filter>
    </ClCompile>
    <ClCompile Include="SphericalJoint.cpp">
      <Filter>Joints</Filter>
    </ClCompile>
    <ClCompile Include="Articulator.cpp">
      <Filter>Joints</Filter>
    </ClCompile>
    <ClCompile Include="GlassFragment.cpp">
      <Filter>BfsGame</Filter>
    </ClCompile>
    <ClCompile Include="SteelBeam.cpp">
      <Filter>BfsGame</Filter>
    </ClCompile>
    <ClCompile Include="ConcreteBlock.cpp">
      <Filter>BfsGame</Filter>
    </ClCompile>
  </ItemGroup>
  <ItemGroup>
    <ClInclude Include="Game.h" />
    <ClInclude Include="InputHandler.h" />
    <ClInclude Include="Listener.h" />
    <ClInclude Include="StopWatch.h" />
    <ClInclude Include="StaticObject.h">
      <Filter>Physics</Filter>
    </ClInclude>
    <ClInclude Include="PhysicsEngine.h">
      <Filter>Physics</Filter>
    </ClInclude>
    <ClInclude Include="DynamicObject.h">
      <Filter>Physics</Filter>
    </ClInclude>
    <ClInclude Include="PxGameObject.h">
      <Filter>Physics</Filter>
    </ClInclude>
    <ClInclude Include="ErrorCallback.h">
      <Filter>Physics</Filter>
    </ClInclude>
    <ClInclude Include="GameObject.h" />
    <ClInclude Include="Camera.h">
      <Filter>DerivedObjects</Filter>
    </ClInclude>
    <ClInclude Include="Floor.h">
      <Filter>DerivedObjects</Filter>
    </ClInclude>
    <ClInclude Include="TestCube.h">
      <Filter>DerivedObjects</Filter>
    </ClInclude>
    <ClInclude Include="Renderer.h" />
    <ClInclude Include="UserData.h">
      <Filter>Physics</Filter>
    </ClInclude>
    <ClInclude Include="Joint.h">
      <Filter>Joints</Filter>
    </ClInclude>
    <ClInclude Include="FixedJoint.h">
      <Filter>Joints</Filter>
    </ClInclude>
    <ClInclude Include="DistanceJoint.h">
      <Filter>Joints</Filter>
    </ClInclude>
    <ClInclude Include="RevoluteJoint.h">
      <Filter>Joints</Filter>
    </ClInclude>
    <ClInclude Include="Cloth.h">
      <Filter>DerivedObjects</Filter>
    </ClInclude>
    <ClInclude Include="PrismaticJoint.h">
      <Filter>Joints</Filter>
    </ClInclude>
    <ClInclude Include="SphericalJoint.h">
      <Filter>Joints</Filter>
    </ClInclude>
    <ClInclude Include="Articulator.h">
      <Filter>Joints</Filter>
    </ClInclude>
    <ClInclude Include="GlassFragment.h">
      <Filter>BfsGame</Filter>
    </ClInclude>
    <ClInclude Include="SteelBeam.h">
      <Filter>BfsGame</Filter>
    </ClInclude>
    <ClInclude Include="ConcreteBlock.h">
      <Filter>BfsGame</Filter>
    </ClInclude>
    <ClInclude Include="LevelAssets.h">
      <Filter>BfsGame</Filter>
    </ClInclude>
  </ItemGroup>
  <ItemGroup>
    <Filter Include="Physics">
      <UniqueIdentifier>{feabcee6-3e0e-4422-a425-77df0ef7ceac}</UniqueIdentifier>
    </Filter>
    <Filter Include="DerivedObjects">
      <UniqueIdentifier>{dbd5bd4e-cbb4-4b6f-b354-ea564c436d9b}</UniqueIdentifier>
    </Filter>
    <Filter Include="Joints">
      <UniqueIdentifier>{17378121-506b-4525-8100-afdc632ae156}</UniqueIdentifier>
    </Filter>
    <Filter Include="BfsGame">
      <UniqueIdentifier>{f6febf75-1d8a-4ea1-be12-5202e722afa4}</UniqueIdentifier>
    </Filter>
  </ItemGroup>
  <ItemGroup>
    <ResourceCompile Include="PhysXCustom.rc" />
  </ItemGroup>
  <ItemGroup>
    <None Include="packages.config" />
  </ItemGroup>
</Project>